
Microsoft Visual Studio Solution File, Format Version 12.00
# Visual Studio Version 17
VisualStudioVersion = 17.5.33424.131
MinimumVisualStudioVersion = 10.0.40219.1
Project("{FAE04EC0-301F-11D3-BF4B-00C04F79EFBC}") = "CartagenaBuenaventura", "CartagenaBuenaventura.csproj", "{572C2A86-6AC7-46B7-8AE8-D1A540913D0C}"
EndProject
Global
	GlobalSection(SolutionConfigurationPlatforms) = preSolution
		Debug|Any CPU = Debug|Any CPU
		Release|Any CPU = Release|Any CPU
	EndGlobalSection
	GlobalSection(ProjectConfigurationPlatforms) = postSolution
		{572C2A86-6AC7-46B7-8AE8-D1A540913D0C}.Debug|Any CPU.ActiveCfg = Debug|Any CPU
		{572C2A86-6AC7-46B7-8AE8-D1A540913D0C}.Debug|Any CPU.Build.0 = Debug|Any CPU
		{572C2A86-6AC7-46B7-8AE8-D1A540913D0C}.Release|Any CPU.ActiveCfg = Release|Any CPU
		{572C2A86-6AC7-46B7-8AE8-D1A540913D0C}.Release|Any CPU.Build.0 = Release|Any CPU
	EndGlobalSection
	GlobalSection(SolutionProperties) = preSolution
		HideSolutionNode = FALSE
	EndGlobalSection
	GlobalSection(ExtensibilityGlobals) = postSolution
		SolutionGuid = {0F86C334-E711-4347-9E04-5E0D88BB5971}
	EndGlobalSection
EndGlobal
